
Microsoft Visual Studio Solution File, Format Version 12.00
# Visual Studio Version 16
VisualStudioVersion = 16.0.31025.194
MinimumVisualStudioVersion = 10.0.40219.1
Project("{9A19103F-16F7-4668-BE54-9A1E7A4F7556}") = "GitHubPagesDemo", "GitHubPagesDemo.csproj", "{20168FE9-9E97-4AE4-BCDD-C2E5C7F5FD00}"
EndProject
Global
	GlobalSection(SolutionConfigurationPlatforms) = preSolution
		Debug|Any CPU = Debug|Any CPU
		Release|Any CPU = Release|Any CPU
	EndGlobalSection
	GlobalSection(ProjectConfigurationPlatforms) = postSolution
		{20168FE9-9E97-4AE4-BCDD-C2E5C7F5FD00}.Debug|Any CPU.ActiveCfg = Debug|Any CPU
		{20168FE9-9E97-4AE4-BCDD-C2E5C7F5FD00}.Debug|Any CPU.Build.0 = Debug|Any CPU
		{20168FE9-9E97-4AE4-BCDD-C2E5C7F5FD00}.Release|Any CPU.ActiveCfg = Release|Any CPU
		{20168FE9-9E97-4AE4-BCDD-C2E5C7F5FD00}.Release|Any CPU.Build.0 = Release|Any CPU
	EndGlobalSection
	GlobalSection(SolutionProperties) = preSolution
		HideSolutionNode = FALSE
	EndGlobalSection
	GlobalSection(ExtensibilityGlobals) = postSolution
		SolutionGuid = {5D364D8B-108B-4338-BB16-3C60ED60DECB}
	EndGlobalSection
EndGlobal
